
Microsoft Visual Studio Solution File, Format Version 12.00
# Visual Studio 14
VisualStudioVersion = 14.0.25420.1
MinimumVisualStudioVersion = 10.0.40219.1
Project("{FAE04EC0-301F-11D3-BF4B-00C04F79EFBC}") = "ChameleON", "ChameleON\ChameleON.csproj", "{FFFC7C55-0A1D-4923-9DA6-A9467F1C2974}"
EndProject
Project("{FAE04EC0-301F-11D3-BF4B-00C04F79EFBC}") = "ChameleON.Tests", "ChameleON.Tests\ChameleON.Tests.csproj", "{27A26A3A-F6F7-497E-B408-05006ADF707D}"
EndProject
Global
	GlobalSection(SolutionConfigurationPlatforms) = preSolution
		Debug|Any CPU = Debug|Any CPU
		Release|Any CPU = Release|Any CPU
	EndGlobalSection
	GlobalSection(ProjectConfigurationPlatforms) = postSolution
		{FFFC7C55-0A1D-4923-9DA6-A9467F1C2974}.Debug|Any CPU.ActiveCfg = Debug|Any CPU
		{FFFC7C55-0A1D-4923-9DA6-A9467F1C2974}.Debug|Any CPU.Build.0 = Debug|Any CPU
		{FFFC7C55-0A1D-4923-9DA6-A9467F1C2974}.Release|Any CPU.ActiveCfg = Release|Any CPU
		{FFFC7C55-0A1D-4923-9DA6-A9467F1C2974}.Release|Any CPU.Build.0 = Release|Any CPU
		{27A26A3A-F6F7-497E-B408-05006ADF707D}.Debug|Any CPU.ActiveCfg = Debug|Any CPU
		{27A26A3A-F6F7-497E-B408-05006ADF707D}.Debug|Any CPU.Build.0 = Debug|Any CPU
		{27A26A3A-F6F7-497E-B408-05006ADF707D}.Release|Any CPU.ActiveCfg = Release|Any CPU
		{27A26A3A-F6F7-497E-B408-05006ADF707D}.Release|Any CPU.Build.0 = Release|Any CPU
	EndGlobalSection
	GlobalSection(SolutionProperties) = preSolution
		HideSolutionNode = FALSE
	EndGlobalSection
EndGlobal
